
Microsoft Visual Studio Solution File, Format Version 12.00
# Visual Studio Express 2012 for Windows Desktop
Project("{FAE04EC0-301F-11D3-BF4B-00C04F79EFBC}") = "4MultimeterTest", "4MultimeterTest\4MultimeterTest.csproj", "{70E60F10-17E1-46BA-9026-78C60F3A40A8}"
EndProject
Project("{FAE04EC0-301F-11D3-BF4B-00C04F79EFBC}") = "U1272A_Test", "U1272A_Test\U1272A_Test.csproj", "{DCEF379F-D579-409C-B288-D01BFCE664CE}"
EndProject
Project("{FAE04EC0-301F-11D3-BF4B-00C04F79EFBC}") = "ReplayerBoard", "ReplayerBoard\ReplayerBoard.csproj", "{D8A09877-F0C9-4801-B92D-CD7CCF17D34E}"
EndProject
Project("{FAE04EC0-301F-11D3-BF4B-00C04F79EFBC}") = "DarlingtonBenchmark", "DarlingtonBenchmark\DarlingtonBenchmark.csproj", "{EACF506B-5D51-4468-8661-8BE4FF298301}"
EndProject
Project("{FAE04EC0-301F-11D3-BF4B-00C04F79EFBC}") = "1MeterTest", "1MeterTest\1MeterTest.csproj", "{9B43EE3F-C433-4434-8656-8F4CB1CA3D8E}"
EndProject
Global
	GlobalSection(SolutionConfigurationPlatforms) = preSolution
		Debug|Any CPU = Debug|Any CPU
		Release|Any CPU = Release|Any CPU
	EndGlobalSection
	GlobalSection(ProjectConfigurationPlatforms) = postSolution
		{70E60F10-17E1-46BA-9026-78C60F3A40A8}.Debug|Any CPU.ActiveCfg = Debug|Any CPU
		{70E60F10-17E1-46BA-9026-78C60F3A40A8}.Debug|Any CPU.Build.0 = Debug|Any CPU
		{70E60F10-17E1-46BA-9026-78C60F3A40A8}.Release|Any CPU.ActiveCfg = Release|Any CPU
		{70E60F10-17E1-46BA-9026-78C60F3A40A8}.Release|Any CPU.Build.0 = Release|Any CPU
		{DCEF379F-D579-409C-B288-D01BFCE664CE}.Debug|Any CPU.ActiveCfg = Debug|Any CPU
		{DCEF379F-D579-409C-B288-D01BFCE664CE}.Debug|Any CPU.Build.0 = Debug|Any CPU
		{DCEF379F-D579-409C-B288-D01BFCE664CE}.Release|Any CPU.ActiveCfg = Release|Any CPU
		{DCEF379F-D579-409C-B288-D01BFCE664CE}.Release|Any CPU.Build.0 = Release|Any CPU
		{D8A09877-F0C9-4801-B92D-CD7CCF17D34E}.Debug|Any CPU.ActiveCfg = Debug|Any CPU
		{D8A09877-F0C9-4801-B92D-CD7CCF17D34E}.Debug|Any CPU.Build.0 = Debug|Any CPU
		{D8A09877-F0C9-4801-B92D-CD7CCF17D34E}.Release|Any CPU.ActiveCfg = Release|Any CPU
		{D8A09877-F0C9-4801-B92D-CD7CCF17D34E}.Release|Any CPU.Build.0 = Release|Any CPU
		{EACF506B-5D51-4468-8661-8BE4FF298301}.Debug|Any CPU.ActiveCfg = Debug|Any CPU
		{EACF506B-5D51-4468-8661-8BE4FF298301}.Debug|Any CPU.Build.0 = Debug|Any CPU
		{EACF506B-5D51-4468-8661-8BE4FF298301}.Release|Any CPU.ActiveCfg = Release|Any CPU
		{EACF506B-5D51-4468-8661-8BE4FF298301}.Release|Any CPU.Build.0 = Release|Any CPU
		{9B43EE3F-C433-4434-8656-8F4CB1CA3D8E}.Debug|Any CPU.ActiveCfg = Debug|Any CPU
		{9B43EE3F-C433-4434-8656-8F4CB1CA3D8E}.Debug|Any CPU.Build.0 = Debug|Any CPU
		{9B43EE3F-C433-4434-8656-8F4CB1CA3D8E}.Release|Any CPU.ActiveCfg = Release|Any CPU
		{9B43EE3F-C433-4434-8656-8F4CB1CA3D8E}.Release|Any CPU.Build.0 = Release|Any CPU
	EndGlobalSection
	GlobalSection(SolutionProperties) = preSolution
		HideSolutionNode = FALSE
	EndGlobalSection
EndGlobal
